{
  "name": "node_bot",
  "version": "1.0.0",
  "lockfileVersion": 3,
  "requires": true,
  "packages": {
    "": {
      "name": "node_bot",
      "version": "1.0.0",
      "license": "ISC",
      "dependencies": {
        "imvu": "^1.0.0"
      }
    },
    "node_modules/imvu": {
      "version": "1.0.0",
      "resolved": "https://registry.npmjs.org/imvu/-/imvu-1.0.0.tgz",
      "integrity": "sha512-glYJ11+VVbHvlFfX2KSz5ZiNgS/cP/BCc1lvP6gGvsCvIqsIlZyQl4+HE67Dzkljudee/VS/iBHuc0NZNn16EA==",
      "license": "ISC"
    }
  }
}
